
Microsoft Visual Studio Solution File, Format Version 12.00
# Visual Studio Version 17
VisualStudioVersion = 17.4.33205.214
MinimumVisualStudioVersion = 10.0.40219.1
Project("{9A19103F-16F7-4668-BE54-9A1E7A4F7556}") = "RandomMockUpTest", "RandomMockUpTest.csproj", "{1254B480-781F-464D-A0FB-5D90D24C71C0}"
EndProject
Project("{FAE04EC0-301F-11D3-BF4B-00C04F79EFBC}") = "RandomPersonInfoGenerator", "..\NET-Frameworks Assignments\RandomPersonInfoGenerator\RandomPersonInfoGenerator.csproj", "{51A0221F-8209-44C7-9BC9-9DCB3830B219}"
EndProject
Global
	GlobalSection(SolutionConfigurationPlatforms) = preSolution
		Debug|Any CPU = Debug|Any CPU
		Release|Any CPU = Release|Any CPU
	EndGlobalSection
	GlobalSection(ProjectConfigurationPlatforms) = postSolution
		{1254B480-781F-464D-A0FB-5D90D24C71C0}.Debug|Any CPU.ActiveCfg = Debug|Any CPU
		{1254B480-781F-464D-A0FB-5D90D24C71C0}.Debug|Any CPU.Build.0 = Debug|Any CPU
		{1254B480-781F-464D-A0FB-5D90D24C71C0}.Release|Any CPU.ActiveCfg = Release|Any CPU
		{1254B480-781F-464D-A0FB-5D90D24C71C0}.Release|Any CPU.Build.0 = Release|Any CPU
		{51A0221F-8209-44C7-9BC9-9DCB3830B219}.Debug|Any CPU.ActiveCfg = Debug|Any CPU
		{51A0221F-8209-44C7-9BC9-9DCB3830B219}.Debug|Any CPU.Build.0 = Debug|Any CPU
		{51A0221F-8209-44C7-9BC9-9DCB3830B219}.Release|Any CPU.ActiveCfg = Release|Any CPU
		{51A0221F-8209-44C7-9BC9-9DCB3830B219}.Release|Any CPU.Build.0 = Release|Any CPU
	EndGlobalSection
	GlobalSection(SolutionProperties) = preSolution
		HideSolutionNode = FALSE
	EndGlobalSection
	GlobalSection(ExtensibilityGlobals) = postSolution
		SolutionGuid = {E4E18AB4-BC72-4768-9325-733D730BD847}
	EndGlobalSection
EndGlobal
